
Microsoft Visual Studio Solution File, Format Version 12.00
# Visual Studio Version 17
VisualStudioVersion = 17.2.32630.192
MinimumVisualStudioVersion = 10.0.40219.1
Project("{FAE04EC0-301F-11D3-BF4B-00C04F79EFBC}") = "ASSIGNMENT5-1", "ASSIGNMENT5\ASSIGNMENT5-1.csproj", "{DC8DFD6A-FEE4-457E-BD43-59DED9D57EC5}"
EndProject
Project("{FAE04EC0-301F-11D3-BF4B-00C04F79EFBC}") = "ASSIGNMENT5-2", "ASSIGNMENT5-2\ASSIGNMENT5-2.csproj", "{365FF06B-86F9-4143-8349-E382AABF1FBB}"
EndProject
Project("{9A19103F-16F7-4668-BE54-9A1E7A4F7556}") = "ASSIGNMENT5-4", "ASSIGNMENT5-4\ASSIGNMENT5-4.csproj", "{CC079640-98F6-42E9-89B2-E8DC42ABD780}"
EndProject
Project("{9A19103F-16F7-4668-BE54-9A1E7A4F7556}") = "ASSIGNMENT5-5", "ASSIGNMENT5-5\ASSIGNMENT5-5.csproj", "{DB8320DE-440C-457A-A533-0DD86FAB1304}"
EndProject
Project("{FAE04EC0-301F-11D3-BF4B-00C04F79EFBC}") = "ASSIGNMENT5-3", "ASSIGNMENT5-3\ASSIGNMENT5-3.csproj", "{C167D0B5-2CE8-4A75-8ED5-01B0B9D1D311}"
EndProject
Project("{FAE04EC0-301F-11D3-BF4B-00C04F79EFBC}") = "ASSIGNMENT5-6", "ASSIGNMENT5-6\ASSIGNMENT5-6.csproj", "{B2E13F0A-95BD-48DD-8B47-E96B4F4DD705}"
EndProject
Project("{9A19103F-16F7-4668-BE54-9A1E7A4F7556}") = "ASSIGNMENT5-7", "ASSIGNMENT5-7\ASSIGNMENT5-7.csproj", "{F423E4BC-3EE3-4433-BDF6-8FC9708C8367}"
EndProject
Project("{FAE04EC0-301F-11D3-BF4B-00C04F79EFBC}") = "ASSIGNMENT1-1", "ASSIGNMENT1-1\ASSIGNMENT1-1.csproj", "{F2AD16EE-FF40-4B0E-AA59-611ABEBB3609}"
EndProject
Project("{FAE04EC0-301F-11D3-BF4B-00C04F79EFBC}") = "ASSIGNMENT1-2", "ASSIGNMENT1-2\ASSIGNMENT1-2.csproj", "{A01E0898-CF92-46C8-8E9B-D262D7257DFB}"
EndProject
Project("{FAE04EC0-301F-11D3-BF4B-00C04F79EFBC}") = "ASSIGNMENT1-3", "ASSIGNMENT1-3\ASSIGNMENT1-3.csproj", "{0DB83BA4-DC19-4615-BBCA-F344BCFFF862}"
EndProject
Project("{FAE04EC0-301F-11D3-BF4B-00C04F79EFBC}") = "ASSIGNMENT1-4", "ASSIGNMENT1-4\ASSIGNMENT1-4.csproj", "{8C847AEB-582F-4E87-8BE8-5C4BFB7F405C}"
EndProject
Project("{FAE04EC0-301F-11D3-BF4B-00C04F79EFBC}") = "ASSIGNMENT1-5", "ASSIGNMENT1-5\ASSIGNMENT1-5.csproj", "{D4E591A8-B2E5-4BC6-8289-20D912F7231D}"
EndProject
Project("{FAE04EC0-301F-11D3-BF4B-00C04F79EFBC}") = "ASSIGNMENT1-6", "ASSIGNMENT1-6\ASSIGNMENT1-6.csproj", "{635FE908-C4C1-4977-B7C9-8AA89E9E9BA2}"
EndProject
Project("{FAE04EC0-301F-11D3-BF4B-00C04F79EFBC}") = "ASSIGNMENT2", "ASSIGNMENT2\ASSIGNMENT2.csproj", "{62D9ECBF-8439-47A2-A069-B9D8BF513A07}"
EndProject
Project("{FAE04EC0-301F-11D3-BF4B-00C04F79EFBC}") = "ClassLibrary1", "ClassLibrary1\ClassLibrary1.csproj", "{0FFD5A21-92D4-4D26-81E4-F38972F23856}"
EndProject
Project("{FAE04EC0-301F-11D3-BF4B-00C04F79EFBC}") = "ASSIGNMENT2-E", "ASSIGNMENT2-E\ASSIGNMENT2-E.csproj", "{FF3D5537-B2BC-44A9-90A0-BAA2B56E7BF9}"
EndProject
Project("{FAE04EC0-301F-11D3-BF4B-00C04F79EFBC}") = "ASSIGNMENT3-1", "ASSIGNMENT3-1\ASSIGNMENT3-1.csproj", "{2765E2C5-6602-4675-BB3B-E1FE9BF2FBFB}"
EndProject
Project("{FAE04EC0-301F-11D3-BF4B-00C04F79EFBC}") = "ASSIGNMENT3-2", "ASSIGNMENT3-2\ASSIGNMENT3-2.csproj", "{C36ED251-B922-4062-9999-7A4E94564112}"
EndProject
Project("{FAE04EC0-301F-11D3-BF4B-00C04F79EFBC}") = "ASSIGNMENT3-3", "ASSIGNMENT3-3\ASSIGNMENT3-3.csproj", "{D1301493-9E70-4C10-9DD6-7AD8721905B3}"
EndProject
Project("{FAE04EC0-301F-11D3-BF4B-00C04F79EFBC}") = "ASSIGNMENT4", "ASSIGNMENT4\ASSIGNMENT4.csproj", "{1EF636D9-BC1A-4339-959F-3958A7C108D2}"
EndProject
Project("{FAE04EC0-301F-11D3-BF4B-00C04F79EFBC}") = "ASSIGNMENT6-1", "ASSIGNMENT6-1\ASSIGNMENT6-1.csproj", "{A62FD1EE-E0CA-4DDA-A0D5-AD8568C91234}"
EndProject
Project("{FAE04EC0-301F-11D3-BF4B-00C04F79EFBC}") = "ASSIGNMENT6-2", "ASSIGNMENT6-2\ASSIGNMENT6-2.csproj", "{AD3EB1D8-8E07-4BB3-AB79-7B13ACA86D33}"
EndProject
Project("{FAE04EC0-301F-11D3-BF4B-00C04F79EFBC}") = "ASSIGNMENT6-3", "ASSIGNMENT6-3\ASSIGNMENT6-3.csproj", "{96DA7414-21F3-4413-B5E2-60076A56E153}"
EndProject
Project("{FAE04EC0-301F-11D3-BF4B-00C04F79EFBC}") = "ASSIGNMENT6-4-1", "ASSIGNMENT6-4-1\ASSIGNMENT6-4-1.csproj", "{57886ED7-C18C-4E5E-AF87-4CA42DCC90A5}"
EndProject
Project("{FAE04EC0-301F-11D3-BF4B-00C04F79EFBC}") = "ASSIGNMENT6-4-2", "ASSIGNMENT6-4-2\ASSIGNMENT6-4-2.csproj", "{3ED77589-4103-4A72-9ED9-7A1BBD79E48C}"
EndProject
Project("{FAE04EC0-301F-11D3-BF4B-00C04F79EFBC}") = "ASSIGNMENT6-4-3", "ASSIGNMENT6-4-3\ASSIGNMENT6-4-3.csproj", "{FB5B35D1-6BA5-476A-A916-BD50861F9FD8}"
EndProject
Project("{FAE04EC0-301F-11D3-BF4B-00C04F79EFBC}") = "ASSIGNMENT6-5", "ASSIGNMENT6-5\ASSIGNMENT6-5.csproj", "{81821877-743B-4635-8EBA-BBA513E32D34}"
EndProject
Project("{FAE04EC0-301F-11D3-BF4B-00C04F79EFBC}") = "ASSIGNMENT7-1", "ASSIGNMENT7-1\ASSIGNMENT7-1.csproj", "{4B36462E-D22D-46CA-A109-E800EB94764E}"
EndProject
Project("{FAE04EC0-301F-11D3-BF4B-00C04F79EFBC}") = "ClassLibrary2", "ClassLibrary2\ClassLibrary2.csproj", "{6B60B8B2-E37A-4D5C-9E4C-4ECBF28F68CB}"
EndProject
Project("{FAE04EC0-301F-11D3-BF4B-00C04F79EFBC}") = "ASSIGNMENT7-3", "ASSIGNMENT7-3\ASSIGNMENT7-3.csproj", "{F9C10F99-118C-4C50-94D6-CAAF64929BDF}"
EndProject
Project("{FAE04EC0-301F-11D3-BF4B-00C04F79EFBC}") = "ASSIGNMENT7-2", "ASSIGNMENT7-2\ASSIGNMENT7-2.csproj", "{F0BF2E14-E226-4D86-9881-4F496A947573}"
EndProject
Project("{FAE04EC0-301F-11D3-BF4B-00C04F79EFBC}") = "ASSIGNMENT7-4", "ASSIGNMENT7-4\ASSIGNMENT7-4.csproj", "{3C2F5191-3896-4363-B398-CB6F00F3D37E}"
EndProject
Project("{FAE04EC0-301F-11D3-BF4B-00C04F79EFBC}") = "ASSIGNMENT8-1", "ASSIGNMENT8-1\ASSIGNMENT8-1.csproj", "{2D0B3DEF-19D1-4EFE-97F4-1BBDF33EBF79}"
EndProject
Project("{FAE04EC0-301F-11D3-BF4B-00C04F79EFBC}") = "ASSIGNMENT8-2", "ASSIGNMENT8-2\ASSIGNMENT8-2.csproj", "{BD22AB17-F5D5-4D94-A0A9-90BD85DADD9C}"
EndProject
Global
	GlobalSection(SolutionConfigurationPlatforms) = preSolution
		Debug|Any CPU = Debug|Any CPU
		Release|Any CPU = Release|Any CPU
	EndGlobalSection
	GlobalSection(ProjectConfigurationPlatforms) = postSolution
		{DC8DFD6A-FEE4-457E-BD43-59DED9D57EC5}.Debug|Any CPU.ActiveCfg = Debug|Any CPU
		{DC8DFD6A-FEE4-457E-BD43-59DED9D57EC5}.Debug|Any CPU.Build.0 = Debug|Any CPU
		{DC8DFD6A-FEE4-457E-BD43-59DED9D57EC5}.Release|Any CPU.ActiveCfg = Release|Any CPU
		{DC8DFD6A-FEE4-457E-BD43-59DED9D57EC5}.Release|Any CPU.Build.0 = Release|Any CPU
		{365FF06B-86F9-4143-8349-E382AABF1FBB}.Debug|Any CPU.ActiveCfg = Debug|Any CPU
		{365FF06B-86F9-4143-8349-E382AABF1FBB}.Debug|Any CPU.Build.0 = Debug|Any CPU
		{365FF06B-86F9-4143-8349-E382AABF1FBB}.Release|Any CPU.ActiveCfg = Release|Any CPU
		{365FF06B-86F9-4143-8349-E382AABF1FBB}.Release|Any CPU.Build.0 = Release|Any CPU
		{CC079640-98F6-42E9-89B2-E8DC42ABD780}.Debug|Any CPU.ActiveCfg = Debug|Any CPU
		{CC079640-98F6-42E9-89B2-E8DC42ABD780}.Debug|Any CPU.Build.0 = Debug|Any CPU
		{CC079640-98F6-42E9-89B2-E8DC42ABD780}.Release|Any CPU.ActiveCfg = Release|Any CPU
		{CC079640-98F6-42E9-89B2-E8DC42ABD780}.Release|Any CPU.Build.0 = Release|Any CPU
		{DB8320DE-440C-457A-A533-0DD86FAB1304}.Debug|Any CPU.ActiveCfg = Debug|Any CPU
		{DB8320DE-440C-457A-A533-0DD86FAB1304}.Debug|Any CPU.Build.0 = Debug|Any CPU
		{DB8320DE-440C-457A-A533-0DD86FAB1304}.Release|Any CPU.ActiveCfg = Release|Any CPU
		{DB8320DE-440C-457A-A533-0DD86FAB1304}.Release|Any CPU.Build.0 = Release|Any CPU
		{C167D0B5-2CE8-4A75-8ED5-01B0B9D1D311}.Debug|Any CPU.ActiveCfg = Debug|Any CPU
		{C167D0B5-2CE8-4A75-8ED5-01B0B9D1D311}.Debug|Any CPU.Build.0 = Debug|Any CPU
		{C167D0B5-2CE8-4A75-8ED5-01B0B9D1D311}.Release|Any CPU.ActiveCfg = Release|Any CPU
		{C167D0B5-2CE8-4A75-8ED5-01B0B9D1D311}.Release|Any CPU.Build.0 = Release|Any CPU
		{B2E13F0A-95BD-48DD-8B47-E96B4F4DD705}.Debug|Any CPU.ActiveCfg = Debug|Any CPU
		{B2E13F0A-95BD-48DD-8B47-E96B4F4DD705}.Debug|Any CPU.Build.0 = Debug|Any CPU
		{B2E13F0A-95BD-48DD-8B47-E96B4F4DD705}.Release|Any CPU.ActiveCfg = Release|Any CPU
		{B2E13F0A-95BD-48DD-8B47-E96B4F4DD705}.Release|Any CPU.Build.0 = Release|Any CPU
		{F423E4BC-3EE3-4433-BDF6-8FC9708C8367}.Debug|Any CPU.ActiveCfg = Debug|Any CPU
		{F423E4BC-3EE3-4433-BDF6-8FC9708C8367}.Debug|Any CPU.Build.0 = Debug|Any CPU
		{F423E4BC-3EE3-4433-BDF6-8FC9708C8367}.Release|Any CPU.ActiveCfg = Release|Any CPU
		{F423E4BC-3EE3-4433-BDF6-8FC9708C8367}.Release|Any CPU.Build.0 = Release|Any CPU
		{F2AD16EE-FF40-4B0E-AA59-611ABEBB3609}.Debug|Any CPU.ActiveCfg = Debug|Any CPU
		{F2AD16EE-FF40-4B0E-AA59-611ABEBB3609}.Debug|Any CPU.Build.0 = Debug|Any CPU
		{F2AD16EE-FF40-4B0E-AA59-611ABEBB3609}.Release|Any CPU.ActiveCfg = Release|Any CPU
		{F2AD16EE-FF40-4B0E-AA59-611ABEBB3609}.Release|Any CPU.Build.0 = Release|Any CPU
		{A01E0898-CF92-46C8-8E9B-D262D7257DFB}.Debug|Any CPU.ActiveCfg = Debug|Any CPU
		{A01E0898-CF92-46C8-8E9B-D262D7257DFB}.Debug|Any CPU.Build.0 = Debug|Any CPU
		{A01E0898-CF92-46C8-8E9B-D262D7257DFB}.Release|Any CPU.ActiveCfg = Release|Any CPU
		{A01E0898-CF92-46C8-8E9B-D262D7257DFB}.Release|Any CPU.Build.0 = Release|Any CPU
		{0DB83BA4-DC19-4615-BBCA-F344BCFFF862}.Debug|Any CPU.ActiveCfg = Debug|Any CPU
		{0DB83BA4-DC19-4615-BBCA-F344BCFFF862}.Debug|Any CPU.Build.0 = Debug|Any CPU
		{0DB83BA4-DC19-4615-BBCA-F344BCFFF862}.Release|Any CPU.ActiveCfg = Release|Any CPU
		{0DB83BA4-DC19-4615-BBCA-F344BCFFF862}.Release|Any CPU.Build.0 = Release|Any CPU
		{8C847AEB-582F-4E87-8BE8-5C4BFB7F405C}.Debug|Any CPU.ActiveCfg = Debug|Any CPU
		{8C847AEB-582F-4E87-8BE8-5C4BFB7F405C}.Debug|Any CPU.Build.0 = Debug|Any CPU
		{8C847AEB-582F-4E87-8BE8-5C4BFB7F405C}.Release|Any CPU.ActiveCfg = Release|Any CPU
		{8C847AEB-582F-4E87-8BE8-5C4BFB7F405C}.Release|Any CPU.Build.0 = Release|Any CPU
		{D4E591A8-B2E5-4BC6-8289-20D912F7231D}.Debug|Any CPU.ActiveCfg = Debug|Any CPU
		{D4E591A8-B2E5-4BC6-8289-20D912F7231D}.Debug|Any CPU.Build.0 = Debug|Any CPU
		{D4E591A8-B2E5-4BC6-8289-20D912F7231D}.Release|Any CPU.ActiveCfg = Release|Any CPU
		{D4E591A8-B2E5-4BC6-8289-20D912F7231D}.Release|Any CPU.Build.0 = Release|Any CPU
		{635FE908-C4C1-4977-B7C9-8AA89E9E9BA2}.Debug|Any CPU.ActiveCfg = Debug|Any CPU
		{635FE908-C4C1-4977-B7C9-8AA89E9E9BA2}.Debug|Any CPU.Build.0 = Debug|Any CPU
		{635FE908-C4C1-4977-B7C9-8AA89E9E9BA2}.Release|Any CPU.ActiveCfg = Release|Any CPU
		{635FE908-C4C1-4977-B7C9-8AA89E9E9BA2}.Release|Any CPU.Build.0 = Release|Any CPU
		{62D9ECBF-8439-47A2-A069-B9D8BF513A07}.Debug|Any CPU.ActiveCfg = Debug|Any CPU
		{62D9ECBF-8439-47A2-A069-B9D8BF513A07}.Debug|Any CPU.Build.0 = Debug|Any CPU
		{62D9ECBF-8439-47A2-A069-B9D8BF513A07}.Release|Any CPU.ActiveCfg = Release|Any CPU
		{62D9ECBF-8439-47A2-A069-B9D8BF513A07}.Release|Any CPU.Build.0 = Release|Any CPU
		{0FFD5A21-92D4-4D26-81E4-F38972F23856}.Debug|Any CPU.ActiveCfg = Debug|Any CPU
		{0FFD5A21-92D4-4D26-81E4-F38972F23856}.Debug|Any CPU.Build.0 = Debug|Any CPU
		{0FFD5A21-92D4-4D26-81E4-F38972F23856}.Release|Any CPU.ActiveCfg = Release|Any CPU
		{0FFD5A21-92D4-4D26-81E4-F38972F23856}.Release|Any CPU.Build.0 = Release|Any CPU
		{FF3D5537-B2BC-44A9-90A0-BAA2B56E7BF9}.Debug|Any CPU.ActiveCfg = Debug|Any CPU
		{FF3D5537-B2BC-44A9-90A0-BAA2B56E7BF9}.Debug|Any CPU.Build.0 = Debug|Any CPU
		{FF3D5537-B2BC-44A9-90A0-BAA2B56E7BF9}.Release|Any CPU.ActiveCfg = Release|Any CPU
		{FF3D5537-B2BC-44A9-90A0-BAA2B56E7BF9}.Release|Any CPU.Build.0 = Release|Any CPU
		{2765E2C5-6602-4675-BB3B-E1FE9BF2FBFB}.Debug|Any CPU.ActiveCfg = Debug|Any CPU
		{2765E2C5-6602-4675-BB3B-E1FE9BF2FBFB}.Debug|Any CPU.Build.0 = Debug|Any CPU
		{2765E2C5-6602-4675-BB3B-E1FE9BF2FBFB}.Release|Any CPU.ActiveCfg = Release|Any CPU
		{2765E2C5-6602-4675-BB3B-E1FE9BF2FBFB}.Release|Any CPU.Build.0 = Release|Any CPU
		{C36ED251-B922-4062-9999-7A4E94564112}.Debug|Any CPU.ActiveCfg = Debug|Any CPU
		{C36ED251-B922-4062-9999-7A4E94564112}.Debug|Any CPU.Build.0 = Debug|Any CPU
		{C36ED251-B922-4062-9999-7A4E94564112}.Release|Any CPU.ActiveCfg = Release|Any CPU
		{C36ED251-B922-4062-9999-7A4E94564112}.Release|Any CPU.Build.0 = Release|Any CPU
		{D1301493-9E70-4C10-9DD6-7AD8721905B3}.Debug|Any CPU.ActiveCfg = Debug|Any CPU
		{D1301493-9E70-4C10-9DD6-7AD8721905B3}.Debug|Any CPU.Build.0 = Debug|Any CPU
		{D1301493-9E70-4C10-9DD6-7AD8721905B3}.Release|Any CPU.ActiveCfg = Release|Any CPU
		{D1301493-9E70-4C10-9DD6-7AD8721905B3}.Release|Any CPU.Build.0 = Release|Any CPU
		{1EF636D9-BC1A-4339-959F-3958A7C108D2}.Debug|Any CPU.ActiveCfg = Debug|Any CPU
		{1EF636D9-BC1A-4339-959F-3958A7C108D2}.Debug|Any CPU.Build.0 = Debug|Any CPU
		{1EF636D9-BC1A-4339-959F-3958A7C108D2}.Release|Any CPU.ActiveCfg = Release|Any CPU
		{1EF636D9-BC1A-4339-959F-3958A7C108D2}.Release|Any CPU.Build.0 = Release|Any CPU
		{A62FD1EE-E0CA-4DDA-A0D5-AD8568C91234}.Debug|Any CPU.ActiveCfg = Debug|Any CPU
		{A62FD1EE-E0CA-4DDA-A0D5-AD8568C91234}.Debug|Any CPU.Build.0 = Debug|Any CPU
		{A62FD1EE-E0CA-4DDA-A0D5-AD8568C91234}.Release|Any CPU.ActiveCfg = Release|Any CPU
		{A62FD1EE-E0CA-4DDA-A0D5-AD8568C91234}.Release|Any CPU.Build.0 = Release|Any CPU
		{AD3EB1D8-8E07-4BB3-AB79-7B13ACA86D33}.Debug|Any CPU.ActiveCfg = Debug|Any CPU
		{AD3EB1D8-8E07-4BB3-AB79-7B13ACA86D33}.Debug|Any CPU.Build.0 = Debug|Any CPU
		{AD3EB1D8-8E07-4BB3-AB79-7B13ACA86D33}.Release|Any CPU.ActiveCfg = Release|Any CPU
		{AD3EB1D8-8E07-4BB3-AB79-7B13ACA86D33}.Release|Any CPU.Build.0 = Release|Any CPU
		{96DA7414-21F3-4413-B5E2-60076A56E153}.Debug|Any CPU.ActiveCfg = Debug|Any CPU
		{96DA7414-21F3-4413-B5E2-60076A56E153}.Debug|Any CPU.Build.0 = Debug|Any CPU
		{96DA7414-21F3-4413-B5E2-60076A56E153}.Release|Any CPU.ActiveCfg = Release|Any CPU
		{96DA7414-21F3-4413-B5E2-60076A56E153}.Release|Any CPU.Build.0 = Release|Any CPU
		{57886ED7-C18C-4E5E-AF87-4CA42DCC90A5}.Debug|Any CPU.ActiveCfg = Debug|Any CPU
		{57886ED7-C18C-4E5E-AF87-4CA42DCC90A5}.Debug|Any CPU.Build.0 = Debug|Any CPU
		{57886ED7-C18C-4E5E-AF87-4CA42DCC90A5}.Release|Any CPU.ActiveCfg = Release|Any CPU
		{57886ED7-C18C-4E5E-AF87-4CA42DCC90A5}.Release|Any CPU.Build.0 = Release|Any CPU
		{3ED77589-4103-4A72-9ED9-7A1BBD79E48C}.Debug|Any CPU.ActiveCfg = Debug|Any CPU
		{3ED77589-4103-4A72-9ED9-7A1BBD79E48C}.Debug|Any CPU.Build.0 = Debug|Any CPU
		{3ED77589-4103-4A72-9ED9-7A1BBD79E48C}.Release|Any CPU.ActiveCfg = Release|Any CPU
		{3ED77589-4103-4A72-9ED9-7A1BBD79E48C}.Release|Any CPU.Build.0 = Release|Any CPU
		{FB5B35D1-6BA5-476A-A916-BD50861F9FD8}.Debug|Any CPU.ActiveCfg = Debug|Any CPU
		{FB5B35D1-6BA5-476A-A916-BD50861F9FD8}.Debug|Any CPU.Build.0 = Debug|Any CPU
		{FB5B35D1-6BA5-476A-A916-BD50861F9FD8}.Release|Any CPU.ActiveCfg = Release|Any CPU
		{FB5B35D1-6BA5-476A-A916-BD50861F9FD8}.Release|Any CPU.Build.0 = Release|Any CPU
		{81821877-743B-4635-8EBA-BBA513E32D34}.Debug|Any CPU.ActiveCfg = Debug|Any CPU
		{81821877-743B-4635-8EBA-BBA513E32D34}.Debug|Any CPU.Build.0 = Debug|Any CPU
		{81821877-743B-4635-8EBA-BBA513E32D34}.Release|Any CPU.ActiveCfg = Release|Any CPU
		{81821877-743B-4635-8EBA-BBA513E32D34}.Release|Any CPU.Build.0 = Release|Any CPU
		{4B36462E-D22D-46CA-A109-E800EB94764E}.Debug|Any CPU.ActiveCfg = Debug|Any CPU
		{4B36462E-D22D-46CA-A109-E800EB94764E}.Debug|Any CPU.Build.0 = Debug|Any CPU
		{4B36462E-D22D-46CA-A109-E800EB94764E}.Release|Any CPU.ActiveCfg = Release|Any CPU
		{4B36462E-D22D-46CA-A109-E800EB94764E}.Release|Any CPU.Build.0 = Release|Any CPU
		{6B60B8B2-E37A-4D5C-9E4C-4ECBF28F68CB}.Debug|Any CPU.ActiveCfg = Debug|Any CPU
		{6B60B8B2-E37A-4D5C-9E4C-4ECBF28F68CB}.Debug|Any CPU.Build.0 = Debug|Any CPU
		{6B60B8B2-E37A-4D5C-9E4C-4ECBF28F68CB}.Release|Any CPU.ActiveCfg = Release|Any CPU
		{6B60B8B2-E37A-4D5C-9E4C-4ECBF28F68CB}.Release|Any CPU.Build.0 = Release|Any CPU
		{F9C10F99-118C-4C50-94D6-CAAF64929BDF}.Debug|Any CPU.ActiveCfg = Debug|Any CPU
		{F9C10F99-118C-4C50-94D6-CAAF64929BDF}.Debug|Any CPU.Build.0 = Debug|Any CPU
		{F9C10F99-118C-4C50-94D6-CAAF64929BDF}.Release|Any CPU.ActiveCfg = Release|Any CPU
		{F9C10F99-118C-4C50-94D6-CAAF64929BDF}.Release|Any CPU.Build.0 = Release|Any CPU
		{F0BF2E14-E226-4D86-9881-4F496A947573}.Debug|Any CPU.ActiveCfg = Debug|Any CPU
		{F0BF2E14-E226-4D86-9881-4F496A947573}.Debug|Any CPU.Build.0 = Debug|Any CPU
		{F0BF2E14-E226-4D86-9881-4F496A947573}.Release|Any CPU.ActiveCfg = Release|Any CPU
		{F0BF2E14-E226-4D86-9881-4F496A947573}.Release|Any CPU.Build.0 = Release|Any CPU
		{3C2F5191-3896-4363-B398-CB6F00F3D37E}.Debug|Any CPU.ActiveCfg = Debug|Any CPU
		{3C2F5191-3896-4363-B398-CB6F00F3D37E}.Debug|Any CPU.Build.0 = Debug|Any CPU
		{3C2F5191-3896-4363-B398-CB6F00F3D37E}.Release|Any CPU.ActiveCfg = Release|Any CPU
		{3C2F5191-3896-4363-B398-CB6F00F3D37E}.Release|Any CPU.Build.0 = Release|Any CPU
		{2D0B3DEF-19D1-4EFE-97F4-1BBDF33EBF79}.Debug|Any CPU.ActiveCfg = Debug|Any CPU
		{2D0B3DEF-19D1-4EFE-97F4-1BBDF33EBF79}.Debug|Any CPU.Build.0 = Debug|Any CPU
		{2D0B3DEF-19D1-4EFE-97F4-1BBDF33EBF79}.Release|Any CPU.ActiveCfg = Release|Any CPU
		{2D0B3DEF-19D1-4EFE-97F4-1BBDF33EBF79}.Release|Any CPU.Build.0 = Release|Any CPU
		{BD22AB17-F5D5-4D94-A0A9-90BD85DADD9C}.Debug|Any CPU.ActiveCfg = Debug|Any CPU
		{BD22AB17-F5D5-4D94-A0A9-90BD85DADD9C}.Debug|Any CPU.Build.0 = Debug|Any CPU
		{BD22AB17-F5D5-4D94-A0A9-90BD85DADD9C}.Release|Any CPU.ActiveCfg = Release|Any CPU
		{BD22AB17-F5D5-4D94-A0A9-90BD85DADD9C}.Release|Any CPU.Build.0 = Release|Any CPU
	EndGlobalSection
	GlobalSection(SolutionProperties) = preSolution
		HideSolutionNode = FALSE
	EndGlobalSection
	GlobalSection(ExtensibilityGlobals) = postSolution
		SolutionGuid = {7A0D76B4-B370-48E7-B538-A52F63AC4D27}
	EndGlobalSection
EndGlobal
